
Microsoft Visual Studio Solution File, Format Version 12.00
# Visual Studio 15
VisualStudioVersion = 15.0.27703.2018
MinimumVisualStudioVersion = 10.0.40219.1
Project("{E24C65DC-7377-472B-9ABA-BC803B73C61A}") = "Sample", "Sample\", "{2556D296-4E81-42A5-8D53-BB05E9197406}"
	ProjectSection(WebsiteProperties) = preProject
		TargetFrameworkMoniker = ".NETFramework,Version%3Dv4.0"
		Debug.AspNetCompiler.VirtualPath = "/localhost_50487"
		Debug.AspNetCompiler.PhysicalPath = "Sample\"
		Debug.AspNetCompiler.TargetPath = "PrecompiledWeb\localhost_50487\"
		Debug.AspNetCompiler.Updateable = "true"
		Debug.AspNetCompiler.ForceOverwrite = "true"
		Debug.AspNetCompiler.FixedNames = "false"
		Debug.AspNetCompiler.Debug = "True"
		Release.AspNetCompiler.VirtualPath = "/localhost_50487"
		Release.AspNetCompiler.PhysicalPath = "Sample\"
		Release.AspNetCompiler.TargetPath = "PrecompiledWeb\localhost_50487\"
		Release.AspNetCompiler.Updateable = "true"
		Release.AspNetCompiler.ForceOverwrite = "true"
		Release.AspNetCompiler.FixedNames = "false"
		Release.AspNetCompiler.Debug = "False"
		VWDPort = "50487"
		SlnRelativePath = "Sample\"
	EndProjectSection
EndProject
Global
	GlobalSection(SolutionConfigurationPlatforms) = preSolution
		Debug|Any CPU = Debug|Any CPU
	EndGlobalSection
	GlobalSection(ProjectConfigurationPlatforms) = postSolution
		{2556D296-4E81-42A5-8D53-BB05E9197406}.Debug|Any CPU.ActiveCfg = Debug|Any CPU
		{2556D296-4E81-42A5-8D53-BB05E9197406}.Debug|Any CPU.Build.0 = Debug|Any CPU
	EndGlobalSection
	GlobalSection(SolutionProperties) = preSolution
		HideSolutionNode = FALSE
	EndGlobalSection
	GlobalSection(ExtensibilityGlobals) = postSolution
		SolutionGuid = {1CE2BF06-924C-462E-8853-04743ED5023E}
	EndGlobalSection
EndGlobal
